%{"basho_stats": {:git, "git://github.com/basho/basho_stats", "19c532af235ae675439d491b329c55c2f9b02deb", [tag: "1.0.3"]},
  "bear": {:git, "git://github.com/boundary/bear.git", "0da736b0e9bef2c7150cd6e6c4a9fa1854deedf9", [tag: "0.1.2"]},
  "cowboy": {:git, "git://github.com/extend/cowboy", "bfbe1cc5c60471efe3e840f5658957ace0269dbd", [tag: "0.8.5"]},
  "cowlib": {:git, "git://github.com/extend/cowlib.git", "d544a494af4dbc810fc9c15eaf5cc050cced1501", [ref: "1.0.0"]},
  "cuttlefish": {:git, "git://github.com/basho/cuttlefish.git", "b2ce0b15687f97259031f9f42e25ae52cdee3bab", [tag: "2.0.0"]},
  "eleveldb": {:git, "git://github.com/basho/eleveldb.git", "2c9c5a5f66255266145154bb3ca975087f2a308f", [tag: "2.0.0"]},
  "erlang_kafka": {:git, "https://github.com/EnvisionX/erlang-kafka", "2433ce7287a3691dac97c599102c0fef8541c19d", [branch: "master"]},
  "flake": {:git, "git://github.com/nehalmehta/flake.git", "55cb25dc54b3adb3a6e0776f1f109bf31ff99ca1", [ref: "master"]},
  "folsom": {:git, "git://github.com/basho/folsom.git", "1a910dc08c7959972355b22e244c698f4bf48fb0", [tag: "0.7.3p1"]},
  "getopt": {:git, "git://github.com/jcomellas/getopt.git", "659a28f4145bc9843598972854299dc4ea77e4cb", [tag: "v0.4.3"]},
  "goldrush": {:git, "git://github.com/DeadZen/goldrush.git", "71e63212f12c25827e0c1b4198d37d5d018a7fec", [tag: "0.1.6"]},
  "gproc": {:git, "git://github.com/uwiger/gproc.git", "26a9d9faff7b9fd60687d4bcfd3d6974b73205f3", [ref: "master"]},
  "ibrowse": {:git, "git://github.com/cmullaparthi/ibrowse.git", "9b8b042fb7d37b90994ef6b6615c92dd2769328e", [tag: "v4.0.1"]},
  "kafka": {:git, "https://github.com/EnvisionX/erlang-kafka", "2433ce7287a3691dac97c599102c0fef8541c19d", [branch: "master"]},
  "lager": {:git, "git://github.com/basho/lager", "4fcb8fd40f6ab7a3fa30f4d5b559a10788ac7886", [tag: "1.2.2"]},
  "meck": {:git, "git://github.com/eproxus/meck.git", "d6230ae6acabfebaebf18fb08281659d1794ce2c", [tag: "0.7.2-2-gd6230ae"]},
  "mimetypes": {:git, "git://github.com/spawngrid/mimetypes.git", "47d37a977a7d633199822bf6b08353007483d00f", [ref: "master"]},
  "mochiweb": {:git, "git://github.com/basho/mochiweb", "ae29cee058b7b971c32fa798d3b7f338dad68bdd", [tag: "1.5.1p3"]},
  "mps": {:git, "https://github.com/colinbankier/mps", "0d504bfbe86f92529e12c6a359b6f84071c3eb66", [ref: "remove_riak_2"]},
  "neotoma": {:git, "git://github.com/seancribbs/neotoma.git", "760928ec8870da02eb11bccb501e2700925d06c6", [tag: "1.7.2"]},
  "pbkdf2": {:git, "git://github.com/basho/erlang-pbkdf2.git", "7076584f5377e98600a7e2cb81980b2992fb2f71", [tag: "2.0.0"]},
  "poolboy": {:git, "git://github.com/basho/poolboy", "0e15b5dcbff89b3d1d4021591f90375d4d2ee9a1", [tag: "0.8.1-14-g0e15b5d"]},
  "protobuffs": {:git, "git://github.com/basho/erlang_protobuffs", "839e441c194fb946b2a72df24252b377269169cb", [tag: "0.8.0"]},
  "ranch": {:git, "git://github.com/extend/ranch.git", "53be20d25f94095ec9b44c5bd03cf158dd5a6820", [ref: "0.8.3"]},
  "riak_core": {:git, "git://github.com/basho/riak_core", "5f683f581ad2b354c27e9a8cad735e8907bb717a", [tag: "1.3.2"]},
  "riak_ensemble": {:git, "git://github.com/basho/riak_ensemble", "e0652c64cda9355dc429f4a4c3747c5fdf017722", [tag: "2.0.0"]},
  "riak_sysmon": {:git, "git://github.com/basho/riak_sysmon", "abe744c76688bd59527130e150c2cf82f211f5c2", [tag: "1.1.3"]},
  "webmachine": {:git, "git://github.com/basho/webmachine", "33cd5f3328da6eec93c597d93c920c65d7caae9b", [tag: "1.9.3"]}}
