%{"jiffy": {:git, "git://github.com/davisp/jiffy.git", "99867af6e9bfec6bb80b10524d4dc27e39150dee", [tag: "0.11.3"]},
  "kafka": {:git, "https://github.com/EnvisionX/erlang-kafka", "2433ce7287a3691dac97c599102c0fef8541c19d", [branch: "master"]},
  "kinetic": {:git, "https://github.com/AdRoll/kinetic.git", "b8b3ca03769f7500e98f873fda2d54f8eb11feb2", [branch: "master"]},
  "lhttpc": {:git, "git://github.com/ferd/lhttpc.git", "de7e48fb1045bbe522fa01f7c2c7839d89f04f88", [ref: "master"]},
  "meck": {:git, "git://github.com/eproxus/meck.git", "dde759050eff19a1a80fd854d7375174b191665d", [tag: "0.8.2"]}}
